// !$*UTF8*$!
{
	archiveVersion = 1;
	classes = {
	};
	objectVersion = 56;
	objects = {

/* Begin PBXBuildFile section */
		761DCD1F29F17052003B8704 /* ColorLibraryApp.swift in Sources */ = {isa = PBXBuildFile; fileRef = 761DCD1E29F17052003B8704 /* ColorLibraryApp.swift */; };
		761DCD2129F17052003B8704 /* ContentView.swift in Sources */ = {isa = PBXBuildFile; fileRef = 761DCD2029F17052003B8704 /* ContentView.swift */; };
		761DCD2329F17053003B8704 /* Assets.xcassets in Resources */ = {isa = PBXBuildFile; fileRef = 761DCD2229F17053003B8704 /* Assets.xcassets */; };
		761DCD2629F17053003B8704 /* Preview Assets.xcassets in Resources */ = {isa = PBXBuildFile; fileRef = 761DCD2529F17053003B8704 /* Preview Assets.xcassets */; };
		761DCD2E29F17084003B8704 /* ColorInfo.swift in Sources */ = {isa = PBXBuildFile; fileRef = 761DCD2D29F17084003B8704 /* ColorInfo.swift */; };
		761DCD3129F17344003B8704 /* ColorCircle.swift in Sources */ = {isa = PBXBuildFile; fileRef = 761DCD3029F17344003B8704 /* ColorCircle.swift */; };
		761DCD3329F173B7003B8704 /* ColorInfo+SwiftUI.swift in Sources */ = {isa = PBXBuildFile; fileRef = 761DCD3229F173B7003B8704 /* ColorInfo+SwiftUI.swift */; };
/* End PBXBuildFile section */

/* Begin PBXFileReference section */
		761DCD1B29F17052003B8704 /* ColorLibrary.app */ = {isa = PBXFileReference; explicitFileType = wrapper.application; includeInIndex = 0; path = ColorLibrary.app; sourceTree = BUILT_PRODUCTS_DIR; };
		761DCD1E29F17052003B8704 /* ColorLibraryApp.swift */ = {isa = PBXFileReference; lastKnownFileType = sourcecode.swift; path = ColorLibraryApp.swift; sourceTree = "<group>"; };
		761DCD2029F17052003B8704 /* ContentView.swift */ = {isa = PBXFileReference; lastKnownFileType = sourcecode.swift; path = ContentView.swift; sourceTree = "<group>"; };
		761DCD2229F17053003B8704 /* Assets.xcassets */ = {isa = PBXFileReference; lastKnownFileType = folder.assetcatalog; path = Assets.xcassets; sourceTree = "<group>"; };
		761DCD2529F17053003B8704 /* Preview Assets.xcassets */ = {isa = PBXFileReference; lastKnownFileType = folder.assetcatalog; path = "Preview Assets.xcassets"; sourceTree = "<group>"; };
		761DCD2D29F17084003B8704 /* ColorInfo.swift */ = {isa = PBXFileReference; lastKnownFileType = sourcecode.swift; path = ColorInfo.swift; sourceTree = "<group>"; };
		761DCD3029F17344003B8704 /* ColorCircle.swift */ = {isa = PBXFileReference; lastKnownFileType = sourcecode.swift; path = ColorCircle.swift; sourceTree = "<group>"; };
		761DCD3229F173B7003B8704 /* ColorInfo+SwiftUI.swift */ = {isa = PBXFileReference; lastKnownFileType = sourcecode.swift; path = "ColorInfo+SwiftUI.swift"; sourceTree = "<group>"; };
/* End PBXFileReference section */

/* Begin PBXFrameworksBuildPhase section */
		761DCD1829F17052003B8704 /* Frameworks */ = {
			isa = PBXFrameworksBuildPhase;
			buildActionMask = 2147483647;
			files = (
			);
			runOnlyForDeploymentPostprocessing = 0;
		};
/* End PBXFrameworksBuildPhase section */

/* Begin PBXGroup section */
		761DCD1229F17052003B8704 = {
			isa = PBXGroup;
			children = (
				761DCD1D29F17052003B8704 /* ColorLibrary */,
				761DCD1C29F17052003B8704 /* Products */,
			);
			sourceTree = "<group>";
		};
		761DCD1C29F17052003B8704 /* Products */ = {
			isa = PBXGroup;
			children = (
				761DCD1B29F17052003B8704 /* ColorLibrary.app */,
			);
			name = Products;
			sourceTree = "<group>";
		};
		761DCD1D29F17052003B8704 /* ColorLibrary */ = {
			isa = PBXGroup;
			children = (
				761DCD1E29F17052003B8704 /* ColorLibraryApp.swift */,
				761DCD2029F17052003B8704 /* ContentView.swift */,
				761DCD2F29F172FF003B8704 /* Views */,
				761DCD2C29F17073003B8704 /* Model */,
				761DCD2229F17053003B8704 /* Assets.xcassets */,
				761DCD2429F17053003B8704 /* Preview Content */,
			);
			path = ColorLibrary;
			sourceTree = "<group>";
		};
		761DCD2429F17053003B8704 /* Preview Content */ = {
			isa = PBXGroup;
			children = (
				761DCD2529F17053003B8704 /* Preview Assets.xcassets */,
			);
			path = "Preview Content";
			sourceTree = "<group>";
		};
		761DCD2C29F17073003B8704 /* Model */ = {
			isa = PBXGroup;
			children = (
				761DCD2D29F17084003B8704 /* ColorInfo.swift */,
				761DCD3229F173B7003B8704 /* ColorInfo+SwiftUI.swift */,
			);
			path = Model;
			sourceTree = "<group>";
		};
		761DCD2F29F172FF003B8704 /* Views */ = {
			isa = PBXGroup;
			children = (
				761DCD3029F17344003B8704 /* ColorCircle.swift */,
			);
			path = Views;
			sourceTree = "<group>";
		};
/* End PBXGroup section */

/* Begin PBXNativeTarget section */
		761DCD1A29F17052003B8704 /* ColorLibrary */ = {
			isa = PBXNativeTarget;
			buildConfigurationList = 761DCD2929F17053003B8704 /* Build configuration list for PBXNativeTarget "ColorLibrary" */;
			buildPhases = (
				761DCD1729F17052003B8704 /* Sources */,
				761DCD1829F17052003B8704 /* Frameworks */,
				761DCD1929F17052003B8704 /* Resources */,
			);
			buildRules = (
			);
			dependencies = (
			);
			name = ColorLibrary;
			productName = ColorLibrary;
			productReference = 761DCD1B29F17052003B8704 /* ColorLibrary.app */;
			productType = "com.apple.product-type.application";
		};
/* End PBXNativeTarget section */

/* Begin PBXProject section */
		761DCD1329F17052003B8704 /* Project object */ = {
			isa = PBXProject;
			attributes = {
				BuildIndependentTargetsInParallel = 1;
				LastSwiftUpdateCheck = 1430;
				LastUpgradeCheck = 1430;
				TargetAttributes = {
					761DCD1A29F17052003B8704 = {
						CreatedOnToolsVersion = 14.3;
					};
				};
			};
			buildConfigurationList = 761DCD1629F17052003B8704 /* Build configuration list for PBXProject "ColorLibrary" */;
			compatibilityVersion = "Xcode 14.0";
			developmentRegion = en;
			hasScannedForEncodings = 0;
			knownRegions = (
				en,
				Base,
			);
			mainGroup = 761DCD1229F17052003B8704;
			productRefGroup = 761DCD1C29F17052003B8704 /* Products */;
			projectDirPath = "";
			projectRoot = "";
			targets = (
				761DCD1A29F17052003B8704 /* ColorLibrary */,
			);
		};
/* End PBXProject section */

/* Begin PBXResourcesBuildPhase section */
		761DCD1929F17052003B8704 /* Resources */ = {
			isa = PBXResourcesBuildPhase;
			buildActionMask = 2147483647;
			files = (
				761DCD2629F17053003B8704 /* Preview Assets.xcassets in Resources */,
				761DCD2329F17053003B8704 /* Assets.xcassets in Resources */,
			);
			runOnlyForDeploymentPostprocessing = 0;
		};
/* End PBXResourcesBuildPhase section */

/* Begin PBXSourcesBuildPhase section */
		761DCD1729F17052003B8704 /* Sources */ = {
			isa = PBXSourcesBuildPhase;
			buildActionMask = 2147483647;
			files = (
				761DCD2E29F17084003B8704 /* ColorInfo.swift in Sources */,
				761DCD3129F17344003B8704 /* ColorCircle.swift in Sources */,
				761DCD2129F17052003B8704 /* ContentView.swift in Sources */,
				761DCD1F29F17052003B8704 /* ColorLibraryApp.swift in Sources */,
				761DCD3329F173B7003B8704 /* ColorInfo+SwiftUI.swift in Sources */,
			);
			runOnlyForDeploymentPostprocessing = 0;
		};
/* End PBXSourcesBuildPhase section */

/* Begin XCBuildConfiguration section */
		761DCD2729F17053003B8704 /* Debug */ = {
			isa = XCBuildConfiguration;
			buildSettings = {
				ALWAYS_SEARCH_USER_PATHS = NO;
				CLANG_ANALYZER_NONNULL = YES;
				CLANG_ANALYZER_NUMBER_OBJECT_CONVERSION = YES_AGGRESSIVE;
				CLANG_CXX_LANGUAGE_STANDARD = "gnu++20";
				CLANG_ENABLE_MODULES = YES;
				CLANG_ENABLE_OBJC_ARC = YES;
				CLANG_ENABLE_OBJC_WEAK = YES;
				CLANG_WARN_BLOCK_CAPTURE_AUTORELEASING = YES;
				CLANG_WARN_BOOL_CONVERSION = YES;
				CLANG_WARN_COMMA = YES;
				CLANG_WARN_CONSTANT_CONVERSION = YES;
				CLANG_WARN_DEPRECATED_OBJC_IMPLEMENTATIONS = YES;
				CLANG_WARN_DIRECT_OBJC_ISA_USAGE = YES_ERROR;
				CLANG_WARN_DOCUMENTATION_COMMENTS = YES;
				CLANG_WARN_EMPTY_BODY = YES;
				CLANG_WARN_ENUM_CONVERSION = YES;
				CLANG_WARN_INFINITE_RECURSION = YES;
				CLANG_WARN_INT_CONVERSION = YES;
				CLANG_WARN_NON_LITERAL_NULL_CONVERSION = YES;
				CLANG_WARN_OBJC_IMPLICIT_RETAIN_SELF = YES;
				CLANG_WARN_OBJC_LITERAL_CONVERSION = YES;
				CLANG_WARN_OBJC_ROOT_CLASS = YES_ERROR;
				CLANG_WARN_QUOTED_INCLUDE_IN_FRAMEWORK_HEADER = YES;
				CLANG_WARN_RANGE_LOOP_ANALYSIS = YES;
				CLANG_WARN_STRICT_PROTOTYPES = YES;
				CLANG_WARN_SUSPICIOUS_MOVE = YES;
				CLANG_WARN_UNGUARDED_AVAILABILITY = YES_AGGRESSIVE;
				CLANG_WARN_UNREACHABLE_CODE = YES;
				CLANG_WARN__DUPLICATE_METHOD_MATCH = YES;
				COPY_PHASE_STRIP = NO;
				DEBUG_INFORMATION_FORMAT = dwarf;
				ENABLE_STRICT_OBJC_MSGSEND = YES;
				ENABLE_TESTABILITY = YES;
				GCC_C_LANGUAGE_STANDARD = gnu11;
				GCC_DYNAMIC_NO_PIC = NO;
				GCC_NO_COMMON_BLOCKS = YES;
				GCC_OPTIMIZATION_LEVEL = 0;
				GCC_PREPROCESSOR_DEFINITIONS = (
					"DEBUG=1",
					"$(inherited)",
				);
				GCC_WARN_64_TO_32_BIT_CONVERSION = YES;
				GCC_WARN_ABOUT_RETURN_TYPE = YES_ERROR;
				GCC_WARN_UNDECLARED_SELECTOR = YES;
				GCC_WARN_UNINITIALIZED_AUTOS = YES_AGGRESSIVE;
				GCC_WARN_UNUSED_FUNCTION = YES;
				GCC_WARN_UNUSED_VARIABLE = YES;
				IPHONEOS_DEPLOYMENT_TARGET = 16.4;
				MTL_ENABLE_DEBUG_INFO = INCLUDE_SOURCE;
				MTL_FAST_MATH = YES;
				ONLY_ACTIVE_ARCH = YES;
				SDKROOT = iphoneos;
				SWIFT_ACTIVE_COMPILATION_CONDITIONS = DEBUG;
				SWIFT_OPTIMIZATION_LEVEL = "-Onone";
			};
			name = Debug;
		};
		761DCD2829F17053003B8704 /* Release */ = {
			isa = XCBuildConfiguration;
			buildSettings = {
				ALWAYS_SEARCH_USER_PATHS = NO;
				CLANG_ANALYZER_NONNULL = YES;
				CLANG_ANALYZER_NUMBER_OBJECT_CONVERSION = YES_AGGRESSIVE;
				CLANG_CXX_LANGUAGE_STANDARD = "gnu++20";
				CLANG_ENABLE_MODULES = YES;
				CLANG_ENABLE_OBJC_ARC = YES;
				CLANG_ENABLE_OBJC_WEAK = YES;
				CLANG_WARN_BLOCK_CAPTURE_AUTORELEASING = YES;
				CLANG_WARN_BOOL_CONVERSION = YES;
				CLANG_WARN_COMMA = YES;
				CLANG_WARN_CONSTANT_CONVERSION = YES;
				CLANG_WARN_DEPRECATED_OBJC_IMPLEMENTATIONS = YES;
				CLANG_WARN_DIRECT_OBJC_ISA_USAGE = YES_ERROR;
				CLANG_WARN_DOCUMENTATION_COMMENTS = YES;
				CLANG_WARN_EMPTY_BODY = YES;
				CLANG_WARN_ENUM_CONVERSION = YES;
				CLANG_WARN_INFINITE_RECURSION = YES;
				CLANG_WARN_INT_CONVERSION = YES;
				CLANG_WARN_NON_LITERAL_NULL_CONVERSION = YES;
				CLANG_WARN_OBJC_IMPLICIT_RETAIN_SELF = YES;
				CLANG_WARN_OBJC_LITERAL_CONVERSION = YES;
				CLANG_WARN_OBJC_ROOT_CLASS = YES_ERROR;
				CLANG_WARN_QUOTED_INCLUDE_IN_FRAMEWORK_HEADER = YES;
				CLANG_WARN_RANGE_LOOP_ANALYSIS = YES;
				CLANG_WARN_STRICT_PROTOTYPES = YES;
				CLANG_WARN_SUSPICIOUS_MOVE = YES;
				CLANG_WARN_UNGUARDED_AVAILABILITY = YES_AGGRESSIVE;
				CLANG_WARN_UNREACHABLE_CODE = YES;
				CLANG_WARN__DUPLICATE_METHOD_MATCH = YES;
				COPY_PHASE_STRIP = NO;
				DEBUG_INFORMATION_FORMAT = "dwarf-with-dsym";
				ENABLE_NS_ASSERTIONS = NO;
				ENABLE_STRICT_OBJC_MSGSEND = YES;
				GCC_C_LANGUAGE_STANDARD = gnu11;
				GCC_NO_COMMON_BLOCKS = YES;
				GCC_WARN_64_TO_32_BIT_CONVERSION = YES;
				GCC_WARN_ABOUT_RETURN_TYPE = YES_ERROR;
				GCC_WARN_UNDECLARED_SELECTOR = YES;
				GCC_WARN_UNINITIALIZED_AUTOS = YES_AGGRESSIVE;
				GCC_WARN_UNUSED_FUNCTION = YES;
				GCC_WARN_UNUSED_VARIABLE = YES;
				IPHONEOS_DEPLOYMENT_TARGET = 16.4;
				MTL_ENABLE_DEBUG_INFO = NO;
				MTL_FAST_MATH = YES;
				SDKROOT = iphoneos;
				SWIFT_COMPILATION_MODE = wholemodule;
				SWIFT_OPTIMIZATION_LEVEL = "-O";
				VALIDATE_PRODUCT = YES;
			};
			name = Release;
		};
		761DCD2A29F17053003B8704 /* Debug */ = {
			isa = XCBuildConfiguration;
			buildSettings = {
				ASSETCATALOG_COMPILER_APPICON_NAME = AppIcon;
				ASSETCATALOG_COMPILER_GLOBAL_ACCENT_COLOR_NAME = AccentColor;
				CODE_SIGN_STYLE = Automatic;
				CURRENT_PROJECT_VERSION = 1;
				DEVELOPMENT_ASSET_PATHS = "\"ColorLibrary/Preview Content\"";
				DEVELOPMENT_TEAM = H4BEG4U49A;
				ENABLE_PREVIEWS = YES;
				GENERATE_INFOPLIST_FILE = YES;
				INFOPLIST_KEY_UIApplicationSceneManifest_Generation = YES;
				INFOPLIST_KEY_UIApplicationSupportsIndirectInputEvents = YES;
				INFOPLIST_KEY_UILaunchScreen_Generation = YES;
				INFOPLIST_KEY_UISupportedInterfaceOrientations_iPad = "UIInterfaceOrientationPortrait UIInterfaceOrientationPortraitUpsideDown UIInterfaceOrientationLandscapeLeft UIInterfaceOrientationLandscapeRight";
				INFOPLIST_KEY_UISupportedInterfaceOrientations_iPhone = "UIInterfaceOrientationPortrait UIInterfaceOrientationLandscapeLeft UIInterfaceOrientationLandscapeRight";
				LD_RUNPATH_SEARCH_PATHS = (
					"$(inherited)",
					"@executable_path/Frameworks",
				);
				MARKETING_VERSION = 1.0;
				PRODUCT_BUNDLE_IDENTIFIER = com.vivienbernard.ColorLibrary;
				PRODUCT_NAME = "$(TARGET_NAME)";
				SWIFT_EMIT_LOC_STRINGS = YES;
				SWIFT_VERSION = 5.0;
				TARGETED_DEVICE_FAMILY = "1,2";
			};
			name = Debug;
		};
		761DCD2B29F17053003B8704 /* Release */ = {
			isa = XCBuildConfiguration;
			buildSettings = {
				ASSETCATALOG_COMPILER_APPICON_NAME = AppIcon;
				ASSETCATALOG_COMPILER_GLOBAL_ACCENT_COLOR_NAME = AccentColor;
				CODE_SIGN_STYLE = Automatic;
				CURRENT_PROJECT_VERSION = 1;
				DEVELOPMENT_ASSET_PATHS = "\"ColorLibrary/Preview Content\"";
				DEVELOPMENT_TEAM = H4BEG4U49A;
				ENABLE_PREVIEWS = YES;
				GENERATE_INFOPLIST_FILE = YES;
				INFOPLIST_KEY_UIApplicationSceneManifest_Generation = YES;
				INFOPLIST_KEY_UIApplicationSupportsIndirectInputEvents = YES;
				INFOPLIST_KEY_UILaunchScreen_Generation = YES;
				INFOPLIST_KEY_UISupportedInterfaceOrientations_iPad = "UIInterfaceOrientationPortrait UIInterfaceOrientationPortraitUpsideDown UIInterfaceOrientationLandscapeLeft UIInterfaceOrientationLandscapeRight";
				INFOPLIST_KEY_UISupportedInterfaceOrientations_iPhone = "UIInterfaceOrientationPortrait UIInterfaceOrientationLandscapeLeft UIInterfaceOrientationLandscapeRight";
				LD_RUNPATH_SEARCH_PATHS = (
					"$(inherited)",
					"@executable_path/Frameworks",
				);
				MARKETING_VERSION = 1.0;
				PRODUCT_BUNDLE_IDENTIFIER = com.vivienbernard.ColorLibrary;
				PRODUCT_NAME = "$(TARGET_NAME)";
				SWIFT_EMIT_LOC_STRINGS = YES;
				SWIFT_VERSION = 5.0;
				TARGETED_DEVICE_FAMILY = "1,2";
			};
			name = Release;
		};
/* End XCBuildConfiguration section */

/* Begin XCConfigurationList section */
		761DCD1629F17052003B8704 /* Build configuration list for PBXProject "ColorLibrary" */ = {
			isa = XCConfigurationList;
			buildConfigurations = (
				761DCD2729F17053003B8704 /* Debug */,
				761DCD2829F17053003B8704 /* Release */,
			);
			defaultConfigurationIsVisible = 0;
			defaultConfigurationName = Release;
		};
		761DCD2929F17053003B8704 /* Build configuration list for PBXNativeTarget "ColorLibrary" */ = {
			isa = XCConfigurationList;
			buildConfigurations = (
				761DCD2A29F17053003B8704 /* Debug */,
				761DCD2B29F17053003B8704 /* Release */,
			);
			defaultConfigurationIsVisible = 0;
			defaultConfigurationName = Release;
		};
/* End XCConfigurationList section */
	};
	rootObject = 761DCD1329F17052003B8704 /* Project object */;
}
